{
  "name": "woocommerce-e2e-boilerplate",
  "version": "1.0.0",
  "lockfileVersion": 1,
  "requires": true,
  "dependencies": {
    "@babel/code-frame": {
      "version": "7.16.7",
      "resolved": "https://registry.npmjs.org/@babel/code-frame/-/code-frame-7.16.7.tgz",
      "integrity": "sha512-iAXqUn8IIeBTNd72xsFlgaXHkMBMt6y4HJp1tIaK465CWLT/fG1aqB7ykr95gHHmlBdGbFeWWfyB4NJJ0nmeIg==",
      "dev": true,
      "requires": {
        "@babel/highlight": "^7.16.7"
      }
    },
    "@babel/helper-validator-identifier": {
      "version": "7.16.7",
      "resolved": "https://registry.npmjs.org/@babel/helper-validator-identifier/-/helper-validator-identifier-7.16.7.tgz",
      "integrity": "sha512-hsEnFemeiW4D08A5gUAZxLBTXpZ39P+a+DGDsHw1yxqyQ/jzFEnxf5uTEGp+3bzAbNOxU1paTgYS4ECU/IgfDw==",
      "dev": true
    },
    "@babel/highlight": {
      "version": "7.16.10",
      "resolved": "https://registry.npmjs.org/@babel/highlight/-/highlight-7.16.10.tgz",
      "integrity": "sha512-5FnTQLSLswEj6IkgVw5KusNUUFY9ZGqe/TRFnP/BKYHYgfh7tc+C7mwiy95/yNP7Dh9x580Vv8r7u7ZfTBFxdw==",
      "dev": true,
      "requires": {
        "@babel/helper-validator-identifier": "^7.16.7",
        "chalk": "^2.0.0",
        "js-tokens": "^4.0.0"
      },
      "dependencies": {
        "ansi-styles": {
          "version": "3.2.1",
          "resolved": "https://registry.npmjs.org/ansi-styles/-/ansi-styles-3.2.1.tgz",
          "integrity": "sha512-VT0ZI6kZRdTh8YyJw3SMbYm/u+NqfsAxEpWO0Pf9sq8/e94WxxOpPKx9FR1FlyCtOVDNOQ+8ntlqFxiRc+r5qA==",
          "dev": true,
          "requires": {
            "color-convert": "^1.9.0"
          }
        },
        "chalk": {
          "version": "2.4.2",
          "resolved": "https://registry.npmjs.org/chalk/-/chalk-2.4.2.tgz",
          "integrity": "sha512-Mti+f9lpJNcwF4tWV8/OrTTtF1gZi+f8FqlyAdouralcFWFQWF2+NgCHShjkCb+IFBLq9buZwE1xckQU4peSuQ==",
          "dev": true,
          "requires": {
            "ansi-styles": "^3.2.1",
            "escape-string-regexp": "^1.0.5",
            "supports-color": "^5.3.0"
          }
        },
        "color-convert": {
          "version": "1.9.3",
          "resolved": "https://registry.npmjs.org/color-convert/-/color-convert-1.9.3.tgz",
          "integrity": "sha512-QfAUtd+vFdAtFQcC8CCyYt1fYWxSqAiK2cSD6zDB8N3cpsEBAvRxp9zOGg6G/SHHJYAT88/az/IuDGALsNVbGg==",
          "dev": true,
          "requires": {
            "color-name": "1.1.3"
          }
        },
        "color-name": {
          "version": "1.1.3",
          "resolved": "https://registry.npmjs.org/color-name/-/color-name-1.1.3.tgz",
          "integrity": "sha1-p9BVi9icQveV3UIyj3QIMcpTvCU=",
          "dev": true
        },
        "has-flag": {
          "version": "3.0.0",
          "resolved": "https://registry.npmjs.org/has-flag/-/has-flag-3.0.0.tgz",
          "integrity": "sha1-tdRU3CGZriJWmfNGfloH87lVuv0=",
          "dev": true
        },
        "supports-color": {
          "version": "5.5.0",
          "resolved": "https://registry.npmjs.org/supports-color/-/supports-color-5.5.0.tgz",
          "integrity": "sha512-QjVjwdXIt408MIiAqCX4oUKsgU2EqAGzs2Ppkm4aQYbjm+ZEWEcW4SfFNTr4uMNZma0ey4f5lgLrkB0aX0QMow==",
          "dev": true,
          "requires": {
            "has-flag": "^3.0.0"
          }
        }
      }
    },
    "@babel/runtime": {
      "version": "7.17.0",
      "resolved": "https://registry.npmjs.org/@babel/runtime/-/runtime-7.17.0.tgz",
      "integrity": "sha512-etcO/ohMNaNA2UBdaXBBSX/3aEzFMRrVfaPv8Ptc0k+cWpWW0QFiGZ2XnVqQZI1Cf734LbPGmqBKWESfW4x/dQ==",
      "requires": {
        "regenerator-runtime": "^0.13.4"
      }
    },
    "@cspotcode/source-map-consumer": {
      "version": "0.8.0",
      "resolved": "https://registry.npmjs.org/@cspotcode/source-map-consumer/-/source-map-consumer-0.8.0.tgz",
      "integrity": "sha512-41qniHzTU8yAGbCp04ohlmSrZf8bkf/iJsl3V0dRGsQN/5GFfx+LbCSsCpp2gqrqjTVg/K6O8ycoV35JIwAzAg==",
      "dev": true
    },
    "@cspotcode/source-map-support": {
      "version": "0.7.0",
      "resolved": "https://registry.npmjs.org/@cspotcode/source-map-support/-/source-map-support-0.7.0.tgz",
      "integrity": "sha512-X4xqRHqN8ACt2aHVe51OxeA2HjbcL4MqFqXkrmQszJ1NOUuUu5u6Vqx/0lZSVNku7velL5FC/s5uEAj1lsBMhA==",
      "dev": true,
      "requires": {
        "@cspotcode/source-map-consumer": "0.8.0"
      }
    },
    "@jest/environment": {
      "version": "26.6.2",
      "resolved": "https://registry.npmjs.org/@jest/environment/-/environment-26.6.2.tgz",
      "integrity": "sha512-nFy+fHl28zUrRsCeMB61VDThV1pVTtlEokBRgqPrcT1JNq4yRNIyTHfyht6PqtUvY9IsuLGTrbG8kPXjSZIZwA==",
      "dev": true,
      "requires": {
        "@jest/fake-timers": "^26.6.2",
        "@jest/types": "^26.6.2",
        "@types/node": "*",
        "jest-mock": "^26.6.2"
      }
    },
    "@jest/fake-timers": {
      "version": "26.6.2",
      "resolved": "https://registry.npmjs.org/@jest/fake-timers/-/fake-timers-26.6.2.tgz",
      "integrity": "sha512-14Uleatt7jdzefLPYM3KLcnUl1ZNikaKq34enpb5XG9i81JpppDb5muZvonvKyrl7ftEHkKS5L5/eB/kxJ+bvA==",
      "dev": true,
      "requires": {
        "@jest/types": "^26.6.2",
        "@sinonjs/fake-timers": "^6.0.1",
        "@types/node": "*",
        "jest-message-util": "^26.6.2",
        "jest-mock": "^26.6.2",
        "jest-util": "^26.6.2"
      }
    },
    "@jest/globals": {
      "version": "26.6.2",
      "resolved": "https://registry.npmjs.org/@jest/globals/-/globals-26.6.2.tgz",
      "integrity": "sha512-85Ltnm7HlB/KesBUuALwQ68YTU72w9H2xW9FjZ1eL1U3lhtefjjl5c2MiUbpXt/i6LaPRvoOFJ22yCBSfQ0JIA==",
      "dev": true,
      "requires": {
        "@jest/environment": "^26.6.2",
        "@jest/types": "^26.6.2",
        "expect": "^26.6.2"
      }
    },
    "@jest/types": {
      "version": "26.6.2",
      "resolved": "https://registry.npmjs.org/@jest/types/-/types-26.6.2.tgz",
      "integrity": "sha512-fC6QCp7Sc5sX6g8Tvbmj4XUTbyrik0akgRy03yjXbQaBWWNWGE7SGtJk98m0N8nzegD/7SggrUlivxo5ax4KWQ==",
      "dev": true,
      "requires": {
        "@types/istanbul-lib-coverage": "^2.0.0",
        "@types/istanbul-reports": "^3.0.0",
        "@types/node": "*",
        "@types/yargs": "^15.0.0",
        "chalk": "^4.0.0"
      }
    },
    "@sinonjs/commons": {
      "version": "1.8.3",
      "resolved": "https://registry.npmjs.org/@sinonjs/commons/-/commons-1.8.3.tgz",
      "integrity": "sha512-xkNcLAn/wZaX14RPlwizcKicDk9G3F8m2nU3L7Ukm5zBgTwiT0wsoFAHx9Jq56fJA1z/7uKGtCRu16sOUCLIHQ==",
      "dev": true,
      "requires": {
        "type-detect": "4.0.8"
      }
    },
    "@sinonjs/fake-timers": {
      "version": "6.0.1",
      "resolved": "https://registry.npmjs.org/@sinonjs/fake-timers/-/fake-timers-6.0.1.tgz",
      "integrity": "sha512-MZPUxrmFubI36XS1DI3qmI0YdN1gks62JtFZvxR67ljjSNCeK6U08Zx4msEWOXuofgqUt6zPHSi1H9fbjR/NRA==",
      "dev": true,
      "requires": {
        "@sinonjs/commons": "^1.7.0"
      }
    },
    "@tannin/compile": {
      "version": "1.1.0",
      "resolved": "https://registry.npmjs.org/@tannin/compile/-/compile-1.1.0.tgz",
      "integrity": "sha512-n8m9eNDfoNZoxdvWiTfW/hSPhehzLJ3zW7f8E7oT6mCROoMNWCB4TYtv041+2FMAxweiE0j7i1jubQU4MEC/Gg==",
      "requires": {
        "@tannin/evaluate": "^1.2.0",
        "@tannin/postfix": "^1.1.0"
      }
    },
    "@tannin/evaluate": {
      "version": "1.2.0",
      "resolved": "https://registry.npmjs.org/@tannin/evaluate/-/evaluate-1.2.0.tgz",
      "integrity": "sha512-3ioXvNowbO/wSrxsDG5DKIMxC81P0QrQTYai8zFNY+umuoHWRPbQ/TuuDEOju9E+jQDXmj6yI5GyejNuh8I+eg=="
    },
    "@tannin/plural-forms": {
      "version": "1.1.0",
      "resolved": "https://registry.npmjs.org/@tannin/plural-forms/-/plural-forms-1.1.0.tgz",
      "integrity": "sha512-xl9R2mDZO/qiHam1AgMnAES6IKIg7OBhcXqy6eDsRCdXuxAFPcjrej9HMjyCLE0DJ/8cHf0i5OQTstuBRhpbHw==",
      "requires": {
        "@tannin/compile": "^1.1.0"
      }
    },
    "@tannin/postfix": {
      "version": "1.1.0",
      "resolved": "https://registry.npmjs.org/@tannin/postfix/-/postfix-1.1.0.tgz",
      "integrity": "sha512-oocsqY7g0cR+Gur5jRQLSrX2OtpMLMse1I10JQBm8CdGMrDkh1Mg2gjsiquMHRtBs4Qwu5wgEp5GgIYHk4SNPw=="
    },
    "@tsconfig/node10": {
      "version": "1.0.8",
      "resolved": "https://registry.npmjs.org/@tsconfig/node10/-/node10-1.0.8.tgz",
      "integrity": "sha512-6XFfSQmMgq0CFLY1MslA/CPUfhIL919M1rMsa5lP2P097N2Wd1sSX0tx1u4olM16fLNhtHZpRhedZJphNJqmZg==",
      "dev": true
    },
    "@tsconfig/node12": {
      "version": "1.0.9",
      "resolved": "https://registry.npmjs.org/@tsconfig/node12/-/node12-1.0.9.tgz",
      "integrity": "sha512-/yBMcem+fbvhSREH+s14YJi18sp7J9jpuhYByADT2rypfajMZZN4WQ6zBGgBKp53NKmqI36wFYDb3yaMPurITw==",
      "dev": true
    },
    "@tsconfig/node14": {
      "version": "1.0.1",
      "resolved": "https://registry.npmjs.org/@tsconfig/node14/-/node14-1.0.1.tgz",
      "integrity": "sha512-509r2+yARFfHHE7T6Puu2jjkoycftovhXRqW328PDXTVGKihlb1P8Z9mMZH04ebyajfRY7dedfGynlrFHJUQCg==",
      "dev": true
    },
    "@tsconfig/node16": {
      "version": "1.0.2",
      "resolved": "https://registry.npmjs.org/@tsconfig/node16/-/node16-1.0.2.tgz",
      "integrity": "sha512-eZxlbI8GZscaGS7kkc/trHTT5xgrjH3/1n2JDwusC9iahPKWMRvRjJSAN5mCXviuTGQ/lHnhvv8Q1YTpnfz9gA==",
      "dev": true
    },
    "@types/istanbul-lib-coverage": {
      "version": "2.0.4",
      "resolved": "https://registry.npmjs.org/@types/istanbul-lib-coverage/-/istanbul-lib-coverage-2.0.4.tgz",
      "integrity": "sha512-z/QT1XN4K4KYuslS23k62yDIDLwLFkzxOuMplDtObz0+y7VqJCaO2o+SPwHCvLFZh7xazvvoor2tA/hPz9ee7g==",
      "dev": true
    },
    "@types/istanbul-lib-report": {
      "version": "3.0.0",
      "resolved": "https://registry.npmjs.org/@types/istanbul-lib-report/-/istanbul-lib-report-3.0.0.tgz",
      "integrity": "sha512-plGgXAPfVKFoYfa9NpYDAkseG+g6Jr294RqeqcqDixSbU34MZVJRi/P+7Y8GDpzkEwLaGZZOpKIEmeVZNtKsrg==",
      "dev": true,
      "requires": {
        "@types/istanbul-lib-coverage": "*"
      }
    },
    "@types/istanbul-reports": {
      "version": "3.0.1",
      "resolved": "https://registry.npmjs.org/@types/istanbul-reports/-/istanbul-reports-3.0.1.tgz",
      "integrity": "sha512-c3mAZEuK0lvBp8tmuL74XRKn1+y2dcwOUpH7x4WrF6gk1GIgiluDRgMYQtw2OFcBvAJWlt6ASU3tSqxp0Uu0Aw==",
      "dev": true,
      "requires": {
        "@types/istanbul-lib-report": "*"
      }
    },
    "@types/node": {
      "version": "17.0.14",
      "resolved": "https://registry.npmjs.org/@types/node/-/node-17.0.14.tgz",
      "integrity": "sha512-SbjLmERksKOGzWzPNuW7fJM7fk3YXVTFiZWB/Hs99gwhk+/dnrQRPBQjPW9aO+fi1tAffi9PrwFvsmOKmDTyng==",
      "dev": true
    },
    "@types/stack-utils": {
      "version": "2.0.1",
      "resolved": "https://registry.npmjs.org/@types/stack-utils/-/stack-utils-2.0.1.tgz",
      "integrity": "sha512-Hl219/BT5fLAaz6NDkSuhzasy49dwQS/DSdu4MdggFB8zcXv7vflBI3xp7FEmkmdDkBUI2bPUNeMttp2knYdxw==",
      "dev": true
    },
    "@types/yargs": {
      "version": "15.0.14",
      "resolved": "https://registry.npmjs.org/@types/yargs/-/yargs-15.0.14.tgz",
      "integrity": "sha512-yEJzHoxf6SyQGhBhIYGXQDSCkJjB6HohDShto7m8vaKg9Yp0Yn8+71J9eakh2bnPg6BfsH9PRMhiRTZnd4eXGQ==",
      "dev": true,
      "requires": {
        "@types/yargs-parser": "*"
      }
    },
    "@types/yargs-parser": {
      "version": "20.2.1",
      "resolved": "https://registry.npmjs.org/@types/yargs-parser/-/yargs-parser-20.2.1.tgz",
      "integrity": "sha512-7tFImggNeNBVMsn0vLrpn1H1uPrUBdnARPTpZoitY37ZrdJREzf7I16tMrlK3hen349gr1NYh8CmZQa7CTG6Aw==",
      "dev": true
    },
    "@woocommerce/api": {
      "version": "0.2.0",
      "resolved": "https://registry.npmjs.org/@woocommerce/api/-/api-0.2.0.tgz",
      "integrity": "sha512-h7PhFF+KPKZTxhvGASm0vn6N7nY3SFOEx0qJITvqaOwbqh3xvdDbiETSZ9R0BFNY5fD8blYCHblCO4VQ4CO9kA==",
      "requires": {
        "axios": "0.19.2",
        "create-hmac": "1.1.7",
        "oauth-1.0a": "2.2.6"
      }
    },
    "@woocommerce/e2e-core-tests": {
      "version": "0.2.0",
      "resolved": "https://registry.npmjs.org/@woocommerce/e2e-core-tests/-/e2e-core-tests-0.2.0.tgz",
      "integrity": "sha512-6ViSVomOwwG/4lPpCspYfXFoa5QnczB2DooTR6l/CHC5MPYyOuoG15NX/JUnCtcjAlwXV9Wa8hAd/aIlykBmyw==",
      "dev": true,
      "requires": {
        "@jest/globals": "^26.4.2",
        "@wordpress/deprecated": "^3.2.3",
        "config": "3.3.3",
        "faker": "^5.1.0"
      }
    },
    "@woocommerce/e2e-utils": {
      "version": "0.2.0",
      "resolved": "https://registry.npmjs.org/@woocommerce/e2e-utils/-/e2e-utils-0.2.0.tgz",
      "integrity": "sha512-bEHzAdGSJhWksDJDPi5vxpbOM2sItQqzn0jDWthrYgchP489mBbRMSVnatYm3vAgWT9DVuvPbTrzzgETiTT1Jg==",
      "requires": {
        "@wordpress/deprecated": "^3.2.3",
        "@wordpress/e2e-test-utils": "^4.16.1",
        "config": "3.3.3",
        "faker": "^5.1.0",
        "fishery": "^1.2.0"
      }
    },
    "@wordpress/deprecated": {
      "version": "3.3.0",
      "resolved": "https://registry.npmjs.org/@wordpress/deprecated/-/deprecated-3.3.0.tgz",
      "integrity": "sha512-roTwhqAi+55tTMkDtbGnC6x7MXcO1l+sN2iUQRMSYv7Rpb3YW/6oR3VKeoRxcH/tKNByROreciPL3OQueB2TpA==",
      "requires": {
        "@babel/runtime": "^7.16.0",
        "@wordpress/hooks": "^3.3.0"
      }
    },
    "@wordpress/e2e-test-utils": {
      "version": "4.16.1",
      "resolved": "https://registry.npmjs.org/@wordpress/e2e-test-utils/-/e2e-test-utils-4.16.1.tgz",
      "integrity": "sha512-Dpsq5m0VSvjIhro2MjACSzkOkOf1jGEryzgEMW1ikbT6YI+motspHfGtisKXgYhZJOnjV4PwuEg+9lPVnd971g==",
      "requires": {
        "@babel/runtime": "^7.12.5",
        "@wordpress/keycodes": "^2.18.0",
        "@wordpress/url": "^2.21.0",
        "lodash": "^4.17.19",
        "node-fetch": "^2.6.0"
      }
    },
    "@wordpress/hooks": {
      "version": "3.3.0",
      "resolved": "https://registry.npmjs.org/@wordpress/hooks/-/hooks-3.3.0.tgz",
      "integrity": "sha512-RSOZS5cr9h830VHE7XQ/NbgIfQQXtuSWrb2mX+4uN4qK6ua2hUfZS/twW4af2H2beistK/rUDPpUVO9x7XSQ5w==",
      "requires": {
        "@babel/runtime": "^7.16.0"
      }
    },
    "@wordpress/i18n": {
      "version": "3.20.0",
      "resolved": "https://registry.npmjs.org/@wordpress/i18n/-/i18n-3.20.0.tgz",
      "integrity": "sha512-SIoOJFB4UrrYAScS4H91CYCLW9dX3Ghv8pBKc/yHGculb1AdGr6gRMlmJxZV62Cn3CZ4Ga86c+FfR+GiBu0JPg==",
      "requires": {
        "@babel/runtime": "^7.13.10",
        "@wordpress/hooks": "^2.12.3",
        "gettext-parser": "^1.3.1",
        "lodash": "^4.17.19",
        "memize": "^1.1.0",
        "sprintf-js": "^1.1.1",
        "tannin": "^1.2.0"
      },
      "dependencies": {
        "@wordpress/hooks": {
          "version": "2.12.3",
          "resolved": "https://registry.npmjs.org/@wordpress/hooks/-/hooks-2.12.3.tgz",
          "integrity": "sha512-LmKiwKldZt6UYqOxV/a6+eUFXdvALFnB/pQx3RmrMvO64sgFhfR6dhrlv+uVbuuezSuv8dce1jx8lUWAT0krMA==",
          "requires": {
            "@babel/runtime": "^7.13.10"
          }
        }
      }
    },
    "@wordpress/keycodes": {
      "version": "2.19.3",
      "resolved": "https://registry.npmjs.org/@wordpress/keycodes/-/keycodes-2.19.3.tgz",
      "integrity": "sha512-8rNdmP5M1ifTgLIL0dt/N1uTGsq/Rx1ydCXy+gg24WdxBRhyu5sudNVCtascVXo26aIfOH9OJRdqRZZTEORhog==",
      "requires": {
        "@babel/runtime": "^7.13.10",
        "@wordpress/i18n": "^3.20.0",
        "lodash": "^4.17.19"
      }
    },
    "@wordpress/url": {
      "version": "2.22.2",
      "resolved": "https://registry.npmjs.org/@wordpress/url/-/url-2.22.2.tgz",
      "integrity": "sha512-aqpYKQXzyzkCOm+GzZRYlLb+wh58g0cwR1PaKAl0UXaBS4mdS+X6biMriylb4P8CVC/RR7CSw5XI20JC24KDwQ==",
      "requires": {
        "@babel/runtime": "^7.13.10",
        "lodash": "^4.17.19",
        "react-native-url-polyfill": "^1.1.2"
      }
    },
    "acorn": {
      "version": "8.7.0",
      "resolved": "https://registry.npmjs.org/acorn/-/acorn-8.7.0.tgz",
      "integrity": "sha512-V/LGr1APy+PXIwKebEWrkZPwoeoF+w1jiOBUmuxuiUIaOHtob8Qc9BTrYo7VuI5fR8tqsy+buA2WFooR5olqvQ==",
      "dev": true
    },
    "acorn-walk": {
      "version": "8.2.0",
      "resolved": "https://registry.npmjs.org/acorn-walk/-/acorn-walk-8.2.0.tgz",
      "integrity": "sha512-k+iyHEuPgSw6SbuDpGQM+06HQUa04DZ3o+F6CSzXMvvI5KMvnaEqXe+YVe555R9nn6GPt404fos4wcgpw12SDA==",
      "dev": true
    },
    "ansi-regex": {
      "version": "5.0.1",
      "resolved": "https://registry.npmjs.org/ansi-regex/-/ansi-regex-5.0.1.tgz",
      "integrity": "sha512-quJQXlTSUGL2LH9SUXo8VwsY4soanhgo6LNSm84E1LBcE8s3O0wpdiRzyR9z/ZZJMlMWv37qOOb9pdJlMUEKFQ==",
      "dev": true
    },
    "ansi-styles": {
      "version": "4.3.0",
      "resolved": "https://registry.npmjs.org/ansi-styles/-/ansi-styles-4.3.0.tgz",
      "integrity": "sha512-zbB9rCJAT1rbjiVDb2hqKFHNYLxgtk8NURxZ3IZwD3F6NtxbXZQCnnSi1Lkx+IDohdPlFp222wVALIheZJQSEg==",
      "dev": true,
      "requires": {
        "color-convert": "^2.0.1"
      }
    },
    "arg": {
      "version": "4.1.3",
      "resolved": "https://registry.npmjs.org/arg/-/arg-4.1.3.tgz",
      "integrity": "sha512-58S9QDqG0Xx27YwPSt9fJxivjYl432YCwfDMfZ+71RAqUrZef7LrKQZ3LHLOwCS4FLNBplP533Zx895SeOCHvA==",
      "dev": true
    },
    "axios": {
      "version": "0.19.2",
      "resolved": "https://registry.npmjs.org/axios/-/axios-0.19.2.tgz",
      "integrity": "sha512-fjgm5MvRHLhx+osE2xoekY70AhARk3a6hkN+3Io1jc00jtquGvxYlKlsFUhmUET0V5te6CcZI7lcv2Ym61mjHA==",
      "requires": {
        "follow-redirects": "1.5.10"
      }
    },
    "base64-js": {
      "version": "1.5.1",
      "resolved": "https://registry.npmjs.org/base64-js/-/base64-js-1.5.1.tgz",
      "integrity": "sha512-AKpaYlHn8t4SVbOHCy+b5+KKgvR4vrsD8vbvrbiQJps7fKDTkjkDry6ji0rUJjC0kzbNePLwzxq8iypo41qeWA=="
    },
    "braces": {
      "version": "3.0.2",
      "resolved": "https://registry.npmjs.org/braces/-/braces-3.0.2.tgz",
      "integrity": "sha512-b8um+L1RzM3WDSzvhm6gIz1yfTbBt6YTlcEKAvsmqCZZFw46z626lVj9j1yEPW33H5H+lBQpZMP1k8l+78Ha0A==",
      "dev": true,
      "requires": {
        "fill-range": "^7.0.1"
      }
    },
    "buffer": {
      "version": "5.7.1",
      "resolved": "https://registry.npmjs.org/buffer/-/buffer-5.7.1.tgz",
      "integrity": "sha512-EHcyIPBQ4BSGlvjB16k5KgAJ27CIsHY/2JBmCRReo48y9rQ3MaUzWX3KVlBa4U7MyX02HdVj0K7C3WaB3ju7FQ==",
      "requires": {
        "base64-js": "^1.3.1",
        "ieee754": "^1.1.13"
      }
    },
    "chalk": {
      "version": "4.1.2",
      "resolved": "https://registry.npmjs.org/chalk/-/chalk-4.1.2.tgz",
      "integrity": "sha512-oKnbhFyRIXpUuez8iBMmyEa4nbj4IOQyuhc/wy9kY7/WVPcwIO9VA668Pu8RkO7+0G76SLROeyw9CpQ061i4mA==",
      "dev": true,
      "requires": {
        "ansi-styles": "^4.1.0",
        "supports-color": "^7.1.0"
      }
    },
    "ci-info": {
      "version": "2.0.0",
      "resolved": "https://registry.npmjs.org/ci-info/-/ci-info-2.0.0.tgz",
      "integrity": "sha512-5tK7EtrZ0N+OLFMthtqOj4fI2Jeb88C4CAZPu25LDVUgXJ0A3Js4PMGqrn0JU1W0Mh1/Z8wZzYPxqUrXeBboCQ==",
      "dev": true
    },
    "cipher-base": {
      "version": "1.0.4",
      "resolved": "https://registry.npmjs.org/cipher-base/-/cipher-base-1.0.4.tgz",
      "integrity": "sha512-Kkht5ye6ZGmwv40uUDZztayT2ThLQGfnj/T71N/XzeZeo3nf8foyW7zGTsPYkEya3m5f3cAypH+qe7YOrM1U2Q==",
      "requires": {
        "inherits": "^2.0.1",
        "safe-buffer": "^5.0.1"
      }
    },
    "color-convert": {
      "version": "2.0.1",
      "resolved": "https://registry.npmjs.org/color-convert/-/color-convert-2.0.1.tgz",
      "integrity": "sha512-RRECPsj7iu/xb5oKYcsFHSppFNnsj/52OVTRKb4zP5onXwVF3zVmmToNcOfGC+CRDpfK/U584fMg38ZHCaElKQ==",
      "dev": true,
      "requires": {
        "color-name": "~1.1.4"
      }
    },
    "color-name": {
      "version": "1.1.4",
      "resolved": "https://registry.npmjs.org/color-name/-/color-name-1.1.4.tgz",
      "integrity": "sha512-dOy+3AuW3a2wNbZHIuMZpTcgjGuLU/uBL/ubcZF9OXbDo8ff4O8yVp5Bf0efS8uEoYo5q4Fx7dY9OgQGXgAsQA==",
      "dev": true
    },
    "config": {
      "version": "3.3.3",
      "resolved": "https://registry.npmjs.org/config/-/config-3.3.3.tgz",
      "integrity": "sha512-T3RmZQEAji5KYqUQpziWtyGJFli6Khz7h0rpxDwYNjSkr5ynyTWwO7WpfjHzTXclNCDfSWQRcwMb+NwxJesCKw==",
      "requires": {
        "json5": "^2.1.1"
      }
    },
    "create-hash": {
      "version": "1.2.0",
      "resolved": "https://registry.npmjs.org/create-hash/-/create-hash-1.2.0.tgz",
      "integrity": "sha512-z00bCGNHDG8mHAkP7CtT1qVu+bFQUPjYq/4Iv3C3kWjTFV10zIjfSoeqXo9Asws8gwSHDGj/hl2u4OGIjapeCg==",
      "requires": {
        "cipher-base": "^1.0.1",
        "inherits": "^2.0.1",
        "md5.js": "^1.3.4",
        "ripemd160": "^2.0.1",
        "sha.js": "^2.4.0"
      }
    },
    "create-hmac": {
      "version": "1.1.7",
      "resolved": "https://registry.npmjs.org/create-hmac/-/create-hmac-1.1.7.tgz",
      "integrity": "sha512-MJG9liiZ+ogc4TzUwuvbER1JRdgvUFSB5+VR/g5h82fGaIRWMWddtKBHi7/sVhfjQZ6SehlyhvQYrcYkaUIpLg==",
      "requires": {
        "cipher-base": "^1.0.3",
        "create-hash": "^1.1.0",
        "inherits": "^2.0.1",
        "ripemd160": "^2.0.0",
        "safe-buffer": "^5.0.1",
        "sha.js": "^2.4.8"
      }
    },
    "create-require": {
      "version": "1.1.1",
      "resolved": "https://registry.npmjs.org/create-require/-/create-require-1.1.1.tgz",
      "integrity": "sha512-dcKFX3jn0MpIaXjisoRvexIJVEKzaq7z2rZKxf+MSr9TkdmHmsU4m2lcLojrj/FHl8mk5VxMmYA+ftRkP/3oKQ==",
      "dev": true
    },
    "debug": {
      "version": "3.1.0",
      "resolved": "https://registry.npmjs.org/debug/-/debug-3.1.0.tgz",
      "integrity": "sha512-OX8XqP7/1a9cqkxYw2yXss15f26NKWBpDXQd0/uK/KPqdQhxbPa994hnzjcE2VqQpDslf55723cKPUOGSmMY3g==",
      "requires": {
        "ms": "2.0.0"
      }
    },
    "diff": {
      "version": "4.0.2",
      "resolved": "https://registry.npmjs.org/diff/-/diff-4.0.2.tgz",
      "integrity": "sha512-58lmxKSA4BNyLz+HHMUzlOEpg09FV+ev6ZMe3vJihgdxzgcwZ8VoEEPmALCZG9LmqfVoNMMKpttIYTVG6uDY7A==",
      "dev": true
    },
    "diff-sequences": {
      "version": "26.6.2",
      "resolved": "https://registry.npmjs.org/diff-sequences/-/diff-sequences-26.6.2.tgz",
      "integrity": "sha512-Mv/TDa3nZ9sbc5soK+OoA74BsS3mL37yixCvUAQkiuA4Wz6YtwP/K47n2rv2ovzHZvoiQeA5FTQOschKkEwB0Q==",
      "dev": true
    },
    "encoding": {
      "version": "0.1.13",
      "resolved": "https://registry.npmjs.org/encoding/-/encoding-0.1.13.tgz",
      "integrity": "sha512-ETBauow1T35Y/WZMkio9jiM0Z5xjHHmJ4XmjZOq1l/dXz3lr2sRn87nJy20RupqSh1F2m3HHPSp8ShIPQJrJ3A==",
      "requires": {
        "iconv-lite": "^0.6.2"
      }
    },
    "escape-string-regexp": {
      "version": "1.0.5",
      "resolved": "https://registry.npmjs.org/escape-string-regexp/-/escape-string-regexp-1.0.5.tgz",
      "integrity": "sha1-G2HAViGQqN/2rjuyzwIAyhMLhtQ=",
      "dev": true
    },
    "expect": {
      "version": "26.6.2",
      "resolved": "https://registry.npmjs.org/expect/-/expect-26.6.2.tgz",
      "integrity": "sha512-9/hlOBkQl2l/PLHJx6JjoDF6xPKcJEsUlWKb23rKE7KzeDqUZKXKNMW27KIue5JMdBV9HgmoJPcc8HtO85t9IA==",
      "dev": true,
      "requires": {
        "@jest/types": "^26.6.2",
        "ansi-styles": "^4.0.0",
        "jest-get-type": "^26.3.0",
        "jest-matcher-utils": "^26.6.2",
        "jest-message-util": "^26.6.2",
        "jest-regex-util": "^26.0.0"
      }
    },
    "faker": {
      "version": "5.5.3",
      "resolved": "https://registry.npmjs.org/faker/-/faker-5.5.3.tgz",
      "integrity": "sha512-wLTv2a28wjUyWkbnX7u/ABZBkUkIF2fCd73V6P2oFqEGEktDfzWx4UxrSqtPRw0xPRAcjeAOIiJWqZm3pP4u3g=="
    },
    "fill-range": {
      "version": "7.0.1",
      "resolved": "https://registry.npmjs.org/fill-range/-/fill-range-7.0.1.tgz",
      "integrity": "sha512-qOo9F+dMUmC2Lcb4BbVvnKJxTPjCm+RRpe4gDuGrzkL7mEVl/djYSu2OdQ2Pa302N4oqkSg9ir6jaLWJ2USVpQ==",
      "dev": true,
      "requires": {
        "to-regex-range": "^5.0.1"
      }
    },
    "fishery": {
      "version": "1.4.0",
      "resolved": "https://registry.npmjs.org/fishery/-/fishery-1.4.0.tgz",
      "integrity": "sha512-uzPsEWtoHluyqgk9hC/MzMbm42NPWmDWjbdzMRLuJ+jxmAHo+nDbiI3zk2S+HQFXme/VlNnPsNYZQBryrbCTLw==",
      "requires": {
        "lodash.mergewith": "^4.6.2"
      }
    },
    "follow-redirects": {
      "version": "1.5.10",
      "resolved": "https://registry.npmjs.org/follow-redirects/-/follow-redirects-1.5.10.tgz",
      "integrity": "sha512-0V5l4Cizzvqt5D44aTXbFZz+FtyXV1vrDN6qrelxtfYQKW0KO0W2T/hkE8xvGa/540LkZlkaUjO4ailYTFtHVQ==",
      "requires": {
        "debug": "=3.1.0"
      }
    },
    "gettext-parser": {
      "version": "1.4.0",
      "resolved": "https://registry.npmjs.org/gettext-parser/-/gettext-parser-1.4.0.tgz",
      "integrity": "sha512-sedZYLHlHeBop/gZ1jdg59hlUEcpcZJofLq2JFwJT1zTqAU3l2wFv6IsuwFHGqbiT9DWzMUW4/em2+hspnmMMA==",
      "requires": {
        "encoding": "^0.1.12",
        "safe-buffer": "^5.1.1"
      }
    },
    "graceful-fs": {
      "version": "4.2.9",
      "resolved": "https://registry.npmjs.org/graceful-fs/-/graceful-fs-4.2.9.tgz",
      "integrity": "sha512-NtNxqUcXgpW2iMrfqSfR73Glt39K+BLwWsPs94yR63v45T0Wbej7eRmL5cWfwEgqXnmjQp3zaJTshdRW/qC2ZQ==",
      "dev": true
    },
    "has-flag": {
      "version": "4.0.0",
      "resolved": "https://registry.npmjs.org/has-flag/-/has-flag-4.0.0.tgz",
      "integrity": "sha512-EykJT/Q1KjTWctppgIAgfSO0tKVuZUjhgMr17kqTumMl6Afv3EISleU7qZUzoXDFTAHTDC4NOoG/ZxU3EvlMPQ==",
      "dev": true
    },
    "hash-base": {
      "version": "3.1.0",
      "resolved": "https://registry.npmjs.org/hash-base/-/hash-base-3.1.0.tgz",
      "integrity": "sha512-1nmYp/rhMDiE7AYkDw+lLwlAzz0AntGIe51F3RfFfEqyQ3feY2eI/NcwC6umIQVOASPMsWJLJScWKSSvzL9IVA==",
      "requires": {
        "inherits": "^2.0.4",
        "readable-stream": "^3.6.0",
        "safe-buffer": "^5.2.0"
      }
    },
    "iconv-lite": {
      "version": "0.6.3",
      "resolved": "https://registry.npmjs.org/iconv-lite/-/iconv-lite-0.6.3.tgz",
      "integrity": "sha512-4fCk79wshMdzMp2rH06qWrJE4iolqLhCUH+OiuIgU++RB0+94NlDL81atO7GX55uUKueo0txHNtvEyI6D7WdMw==",
      "requires": {
        "safer-buffer": ">= 2.1.2 < 3.0.0"
      }
    },
    "ieee754": {
      "version": "1.2.1",
      "resolved": "https://registry.npmjs.org/ieee754/-/ieee754-1.2.1.tgz",
      "integrity": "sha512-dcyqhDvX1C46lXZcVqCpK+FtMRQVdIMN6/Df5js2zouUsqG7I6sFxitIC+7KYK29KdXOLHdu9zL4sFnoVQnqaA=="
    },
    "inherits": {
      "version": "2.0.4",
      "resolved": "https://registry.npmjs.org/inherits/-/inherits-2.0.4.tgz",
      "integrity": "sha512-k/vGaX4/Yla3WzyMCvTQOXYeIHvqOKtnqBduzTHpzpQZzAskKMhZ2K+EnBiSM9zGSoIFeMpXKxa4dYeZIQqewQ=="
    },
    "is-ci": {
      "version": "2.0.0",
      "resolved": "https://registry.npmjs.org/is-ci/-/is-ci-2.0.0.tgz",
      "integrity": "sha512-YfJT7rkpQB0updsdHLGWrvhBJfcfzNNawYDNIyQXJz0IViGf75O8EBPKSdvw2rF+LGCsX4FZ8tcr3b19LcZq4w==",
      "dev": true,
      "requires": {
        "ci-info": "^2.0.0"
      }
    },
    "is-number": {
      "version": "7.0.0",
      "resolved": "https://registry.npmjs.org/is-number/-/is-number-7.0.0.tgz",
      "integrity": "sha512-41Cifkg6e8TylSpdtTpeLVMqvSBEVzTttHvERD741+pnZ8ANv0004MRL43QKPDlK9cGvNp6NZWZUBlbGXYxxng==",
      "dev": true
    },
    "jest-diff": {
      "version": "26.6.2",
      "resolved": "https://registry.npmjs.org/jest-diff/-/jest-diff-26.6.2.tgz",
      "integrity": "sha512-6m+9Z3Gv9wN0WFVasqjCL/06+EFCMTqDEUl/b87HYK2rAPTyfz4ZIuSlPhY51PIQRWx5TaxeF1qmXKe9gfN3sA==",
      "dev": true,
      "requires": {
        "chalk": "^4.0.0",
        "diff-sequences": "^26.6.2",
        "jest-get-type": "^26.3.0",
        "pretty-format": "^26.6.2"
      }
    },
    "jest-get-type": {
      "version": "26.3.0",
      "resolved": "https://registry.npmjs.org/jest-get-type/-/jest-get-type-26.3.0.tgz",
      "integrity": "sha512-TpfaviN1R2pQWkIihlfEanwOXK0zcxrKEE4MlU6Tn7keoXdN6/3gK/xl0yEh8DOunn5pOVGKf8hB4R9gVh04ig==",
      "dev": true
    },
    "jest-matcher-utils": {
      "version": "26.6.2",
      "resolved": "https://registry.npmjs.org/jest-matcher-utils/-/jest-matcher-utils-26.6.2.tgz",
      "integrity": "sha512-llnc8vQgYcNqDrqRDXWwMr9i7rS5XFiCwvh6DTP7Jqa2mqpcCBBlpCbn+trkG0KNhPu/h8rzyBkriOtBstvWhw==",
      "dev": true,
      "requires": {
        "chalk": "^4.0.0",
        "jest-diff": "^26.6.2",
        "jest-get-type": "^26.3.0",
        "pretty-format": "^26.6.2"
      }
    },
    "jest-message-util": {
      "version": "26.6.2",
      "resolved": "https://registry.npmjs.org/jest-message-util/-/jest-message-util-26.6.2.tgz",
      "integrity": "sha512-rGiLePzQ3AzwUshu2+Rn+UMFk0pHN58sOG+IaJbk5Jxuqo3NYO1U2/MIR4S1sKgsoYSXSzdtSa0TgrmtUwEbmA==",
      "dev": true,
      "requires": {
        "@babel/code-frame": "^7.0.0",
        "@jest/types": "^26.6.2",
        "@types/stack-utils": "^2.0.0",
        "chalk": "^4.0.0",
        "graceful-fs": "^4.2.4",
        "micromatch": "^4.0.2",
        "pretty-format": "^26.6.2",
        "slash": "^3.0.0",
        "stack-utils": "^2.0.2"
      }
    },
    "jest-mock": {
      "version": "26.6.2",
      "resolved": "https://registry.npmjs.org/jest-mock/-/jest-mock-26.6.2.tgz",
      "integrity": "sha512-YyFjePHHp1LzpzYcmgqkJ0nm0gg/lJx2aZFzFy1S6eUqNjXsOqTK10zNRff2dNfssgokjkG65OlWNcIlgd3zew==",
      "dev": true,
      "requires": {
        "@jest/types": "^26.6.2",
        "@types/node": "*"
      }
    },
    "jest-regex-util": {
      "version": "26.0.0",
      "resolved": "https://registry.npmjs.org/jest-regex-util/-/jest-regex-util-26.0.0.tgz",
      "integrity": "sha512-Gv3ZIs/nA48/Zvjrl34bf+oD76JHiGDUxNOVgUjh3j890sblXryjY4rss71fPtD/njchl6PSE2hIhvyWa1eT0A==",
      "dev": true
    },
    "jest-util": {
      "version": "26.6.2",
      "resolved": "https://registry.npmjs.org/jest-util/-/jest-util-26.6.2.tgz",
      "integrity": "sha512-MDW0fKfsn0OI7MS7Euz6h8HNDXVQ0gaM9uW6RjfDmd1DAFcaxX9OqIakHIqhbnmF08Cf2DLDG+ulq8YQQ0Lp0Q==",
      "dev": true,
      "requires": {
        "@jest/types": "^26.6.2",
        "@types/node": "*",
        "chalk": "^4.0.0",
        "graceful-fs": "^4.2.4",
        "is-ci": "^2.0.0",
        "micromatch": "^4.0.2"
      }
    },
    "js-tokens": {
      "version": "4.0.0",
      "resolved": "https://registry.npmjs.org/js-tokens/-/js-tokens-4.0.0.tgz",
      "integrity": "sha512-RdJUflcE3cUzKiMqQgsCu06FPu9UdIJO0beYbPhHN4k6apgJtifcoCtT9bcxOpYBtpD2kCM6Sbzg4CausW/PKQ==",
      "dev": true
    },
    "json5": {
      "version": "2.2.0",
      "resolved": "https://registry.npmjs.org/json5/-/json5-2.2.0.tgz",
      "integrity": "sha512-f+8cldu7X/y7RAJurMEJmdoKXGB/X550w2Nr3tTbezL6RwEE/iMcm+tZnXeoZtKuOq6ft8+CqzEkrIgx1fPoQA==",
      "requires": {
        "minimist": "^1.2.5"
      }
    },
    "lodash": {
      "version": "4.17.21",
      "resolved": "https://registry.npmjs.org/lodash/-/lodash-4.17.21.tgz",
      "integrity": "sha512-v2kDEe57lecTulaDIuNTPy3Ry4gLGJ6Z1O3vE1krgXZNrsQ+LFTGHVxVjcXPs17LhbZVGedAJv8XZ1tvj5FvSg=="
    },
    "lodash.mergewith": {
      "version": "4.6.2",
      "resolved": "https://registry.npmjs.org/lodash.mergewith/-/lodash.mergewith-4.6.2.tgz",
      "integrity": "sha512-GK3g5RPZWTRSeLSpgP8Xhra+pnjBC56q9FZYe1d5RN3TJ35dbkGy3YqBSMbyCrlbi+CM9Z3Jk5yTL7RCsqboyQ=="
    },
    "make-error": {
      "version": "1.3.6",
      "resolved": "https://registry.npmjs.org/make-error/-/make-error-1.3.6.tgz",
      "integrity": "sha512-s8UhlNe7vPKomQhC1qFelMokr/Sc3AgNbso3n74mVPA5LTZwkB9NlXf4XPamLxJE8h0gh73rM94xvwRT2CVInw==",
      "dev": true
    },
    "md5.js": {
      "version": "1.3.5",
      "resolved": "https://registry.npmjs.org/md5.js/-/md5.js-1.3.5.tgz",
      "integrity": "sha512-xitP+WxNPcTTOgnTJcrhM0xvdPepipPSf3I8EIpGKeFLjt3PlJLIDG3u8EX53ZIubkb+5U2+3rELYpEhHhzdkg==",
      "requires": {
        "hash-base": "^3.0.0",
        "inherits": "^2.0.1",
        "safe-buffer": "^5.1.2"
      }
    },
    "memize": {
      "version": "1.1.0",
      "resolved": "https://registry.npmjs.org/memize/-/memize-1.1.0.tgz",
      "integrity": "sha512-K4FcPETOMTwe7KL2LK0orMhpOmWD2wRGwWWpbZy0fyArwsyIKR8YJVz8+efBAh3BO4zPqlSICu4vsLTRRqtFAg=="
    },
    "micromatch": {
      "version": "4.0.4",
      "resolved": "https://registry.npmjs.org/micromatch/-/micromatch-4.0.4.tgz",
      "integrity": "sha512-pRmzw/XUcwXGpD9aI9q/0XOwLNygjETJ8y0ao0wdqprrzDa4YnxLcz7fQRZr8voh8V10kGhABbNcHVk5wHgWwg==",
      "dev": true,
      "requires": {
        "braces": "^3.0.1",
        "picomatch": "^2.2.3"
      }
    },
    "minimist": {
      "version": "1.2.5",
      "resolved": "https://registry.npmjs.org/minimist/-/minimist-1.2.5.tgz",
      "integrity": "sha512-FM9nNUYrRBAELZQT3xeZQ7fmMOBg6nWNmJKTcgsJeaLstP/UODVpGsr5OhXhhXg6f+qtJ8uiZ+PUxkDWcgIXLw=="
    },
    "ms": {
      "version": "2.0.0",
      "resolved": "https://registry.npmjs.org/ms/-/ms-2.0.0.tgz",
      "integrity": "sha1-VgiurfwAvmwpAd9fmGF4jeDVl8g="
    },
    "node-fetch": {
      "version": "2.6.7",
      "resolved": "https://registry.npmjs.org/node-fetch/-/node-fetch-2.6.7.tgz",
      "integrity": "sha512-ZjMPFEfVx5j+y2yF35Kzx5sF7kDzxuDj6ziH4FFbOp87zKDZNx8yExJIb05OGF4Nlt9IHFIMBkRl41VdvcNdbQ==",
      "requires": {
        "whatwg-url": "^5.0.0"
      }
    },
    "oauth-1.0a": {
      "version": "2.2.6",
      "resolved": "https://registry.npmjs.org/oauth-1.0a/-/oauth-1.0a-2.2.6.tgz",
      "integrity": "sha512-6bkxv3N4Gu5lty4viIcIAnq5GbxECviMBeKR3WX/q87SPQ8E8aursPZUtsXDnxCs787af09WPRBLqYrf/lwoYQ=="
    },
    "picomatch": {
      "version": "2.3.1",
      "resolved": "https://registry.npmjs.org/picomatch/-/picomatch-2.3.1.tgz",
      "integrity": "sha512-JU3teHTNjmE2VCGFzuY8EXzCDVwEqB2a8fsIvwaStHhAWJEeVd1o1QD80CU6+ZdEXXSLbSsuLwJjkCBWqRQUVA==",
      "dev": true
    },
    "pretty-format": {
      "version": "26.6.2",
      "resolved": "https://registry.npmjs.org/pretty-format/-/pretty-format-26.6.2.tgz",
      "integrity": "sha512-7AeGuCYNGmycyQbCqd/3PWH4eOoX/OiCa0uphp57NVTeAGdJGaAliecxwBDHYQCIvrW7aDBZCYeNTP/WX69mkg==",
      "dev": true,
      "requires": {
        "@jest/types": "^26.6.2",
        "ansi-regex": "^5.0.0",
        "ansi-styles": "^4.0.0",
        "react-is": "^17.0.1"
      }
    },
    "punycode": {
      "version": "2.1.1",
      "resolved": "https://registry.npmjs.org/punycode/-/punycode-2.1.1.tgz",
      "integrity": "sha512-XRsRjdf+j5ml+y/6GKHPZbrF/8p2Yga0JPtdqTIY2Xe5ohJPD9saDJJLPvp9+NSBprVvevdXZybnj2cv8OEd0A=="
    },
    "react-is": {
      "version": "17.0.2",
      "resolved": "https://registry.npmjs.org/react-is/-/react-is-17.0.2.tgz",
      "integrity": "sha512-w2GsyukL62IJnlaff/nRegPQR94C/XXamvMWmSHRJ4y7Ts/4ocGRmTHvOs8PSE6pB3dWOrD/nueuU5sduBsQ4w==",
      "dev": true
    },
    "react-native-url-polyfill": {
      "version": "1.3.0",
      "resolved": "https://registry.npmjs.org/react-native-url-polyfill/-/react-native-url-polyfill-1.3.0.tgz",
      "integrity": "sha512-w9JfSkvpqqlix9UjDvJjm1EjSt652zVQ6iwCIj1cVVkwXf4jQhQgTNXY6EVTwuAmUjg6BC6k9RHCBynoLFo3IQ==",
      "requires": {
        "whatwg-url-without-unicode": "8.0.0-3"
      }
    },
    "readable-stream": {
      "version": "3.6.0",
      "resolved": "https://registry.npmjs.org/readable-stream/-/readable-stream-3.6.0.tgz",
      "integrity": "sha512-BViHy7LKeTz4oNnkcLJ+lVSL6vpiFeX6/d3oSH8zCW7UxP2onchk+vTGB143xuFjHS3deTgkKoXXymXqymiIdA==",
      "requires": {
        "inherits": "^2.0.3",
        "string_decoder": "^1.1.1",
        "util-deprecate": "^1.0.1"
      }
    },
    "regenerator-runtime": {
      "version": "0.13.9",
      "resolved": "https://registry.npmjs.org/regenerator-runtime/-/regenerator-runtime-0.13.9.tgz",
      "integrity": "sha512-p3VT+cOEgxFsRRA9X4lkI1E+k2/CtnKtU4gcxyaCUreilL/vqI6CdZ3wxVUx3UOUg+gnUOQQcRI7BmSI656MYA=="
    },
    "ripemd160": {
      "version": "2.0.2",
      "resolved": "https://registry.npmjs.org/ripemd160/-/ripemd160-2.0.2.tgz",
      "integrity": "sha512-ii4iagi25WusVoiC4B4lq7pbXfAp3D9v5CwfkY33vffw2+pkDjY1D8GaN7spsxvCSx8dkPqOZCEZyfxcmJG2IA==",
      "requires": {
        "hash-base": "^3.0.0",
        "inherits": "^2.0.1"
      }
    },
    "safe-buffer": {
      "version": "5.2.1",
      "resolved": "https://registry.npmjs.org/safe-buffer/-/safe-buffer-5.2.1.tgz",
      "integrity": "sha512-rp3So07KcdmmKbGvgaNxQSJr7bGVSVk5S9Eq1F+ppbRo70+YeaDxkw5Dd8NPN+GD6bjnYm2VuPuCXmpuYvmCXQ=="
    },
    "safer-buffer": {
      "version": "2.1.2",
      "resolved": "https://registry.npmjs.org/safer-buffer/-/safer-buffer-2.1.2.tgz",
      "integrity": "sha512-YZo3K82SD7Riyi0E1EQPojLz7kpepnSQI9IyPbHHg1XXXevb5dJI7tpyN2ADxGcQbHG7vcyRHk0cbwqcQriUtg=="
    },
    "sha.js": {
      "version": "2.4.11",
      "resolved": "https://registry.npmjs.org/sha.js/-/sha.js-2.4.11.tgz",
      "integrity": "sha512-QMEp5B7cftE7APOjk5Y6xgrbWu+WkLVQwk8JNjZ8nKRciZaByEW6MubieAiToS7+dwvrjGhH8jRXz3MVd0AYqQ==",
      "requires": {
        "inherits": "^2.0.1",
        "safe-buffer": "^5.0.1"
      }
    },
    "slash": {
      "version": "3.0.0",
      "resolved": "https://registry.npmjs.org/slash/-/slash-3.0.0.tgz",
      "integrity": "sha512-g9Q1haeby36OSStwb4ntCGGGaKsaVSjQ68fBxoQcutl5fS1vuY18H3wSt3jFyFtrkx+Kz0V1G85A4MyAdDMi2Q==",
      "dev": true
    },
    "sprintf-js": {
      "version": "1.1.2",
      "resolved": "https://registry.npmjs.org/sprintf-js/-/sprintf-js-1.1.2.tgz",
      "integrity": "sha512-VE0SOVEHCk7Qc8ulkWw3ntAzXuqf7S2lvwQaDLRnUeIEaKNQJzV6BwmLKhOqT61aGhfUMrXeaBk+oDGCzvhcug=="
    },
    "stack-utils": {
      "version": "2.0.5",
      "resolved": "https://registry.npmjs.org/stack-utils/-/stack-utils-2.0.5.tgz",
      "integrity": "sha512-xrQcmYhOsn/1kX+Vraq+7j4oE2j/6BFscZ0etmYg81xuM8Gq0022Pxb8+IqgOFUIaxHs0KaSb7T1+OegiNrNFA==",
      "dev": true,
      "requires": {
        "escape-string-regexp": "^2.0.0"
      },
      "dependencies": {
        "escape-string-regexp": {
          "version": "2.0.0",
          "resolved": "https://registry.npmjs.org/escape-string-regexp/-/escape-string-regexp-2.0.0.tgz",
          "integrity": "sha512-UpzcLCXolUWcNu5HtVMHYdXJjArjsF9C0aNnquZYY4uW/Vu0miy5YoWvbV345HauVvcAUnpRuhMMcqTcGOY2+w==",
          "dev": true
        }
      }
    },
    "string_decoder": {
      "version": "1.3.0",
      "resolved": "https://registry.npmjs.org/string_decoder/-/string_decoder-1.3.0.tgz",
      "integrity": "sha512-hkRX8U1WjJFd8LsDJ2yQ/wWWxaopEsABU1XfkM8A+j0+85JAGppt16cr1Whg6KIbb4okU6Mql6BOj+uup/wKeA==",
      "requires": {
        "safe-buffer": "~5.2.0"
      }
    },
    "supports-color": {
      "version": "7.2.0",
      "resolved": "https://registry.npmjs.org/supports-color/-/supports-color-7.2.0.tgz",
      "integrity": "sha512-qpCAvRl9stuOHveKsn7HncJRvv501qIacKzQlO/+Lwxc9+0q2wLyv4Dfvt80/DPn2pqOBsJdDiogXGR9+OvwRw==",
      "dev": true,
      "requires": {
        "has-flag": "^4.0.0"
      }
    },
    "tannin": {
      "version": "1.2.0",
      "resolved": "https://registry.npmjs.org/tannin/-/tannin-1.2.0.tgz",
      "integrity": "sha512-U7GgX/RcSeUETbV7gYgoz8PD7Ni4y95pgIP/Z6ayI3CfhSujwKEBlGFTCRN+Aqnuyf4AN2yHL+L8x+TCGjb9uA==",
      "requires": {
        "@tannin/plural-forms": "^1.1.0"
      }
    },
    "to-regex-range": {
      "version": "5.0.1",
      "resolved": "https://registry.npmjs.org/to-regex-range/-/to-regex-range-5.0.1.tgz",
      "integrity": "sha512-65P7iz6X5yEr1cwcgvQxbbIw7Uk3gOy5dIdtZ4rDveLqhrdJP+Li/Hx6tyK0NEb+2GCyneCMJiGqrADCSNk8sQ==",
      "dev": true,
      "requires": {
        "is-number": "^7.0.0"
      }
    },
    "tr46": {
      "version": "0.0.3",
      "resolved": "https://registry.npmjs.org/tr46/-/tr46-0.0.3.tgz",
      "integrity": "sha1-gYT9NH2snNwYWZLzpmIuFLnZq2o="
    },
    "ts-node": {
      "version": "10.4.0",
      "resolved": "https://registry.npmjs.org/ts-node/-/ts-node-10.4.0.tgz",
      "integrity": "sha512-g0FlPvvCXSIO1JDF6S232P5jPYqBkRL9qly81ZgAOSU7rwI0stphCgd2kLiCrU9DjQCrJMWEqcNSjQL02s6d8A==",
      "dev": true,
      "requires": {
        "@cspotcode/source-map-support": "0.7.0",
        "@tsconfig/node10": "^1.0.7",
        "@tsconfig/node12": "^1.0.7",
        "@tsconfig/node14": "^1.0.0",
        "@tsconfig/node16": "^1.0.2",
        "acorn": "^8.4.1",
        "acorn-walk": "^8.1.1",
        "arg": "^4.1.0",
        "create-require": "^1.1.0",
        "diff": "^4.0.1",
        "make-error": "^1.1.1",
        "yn": "3.1.1"
      }
    },
    "type-detect": {
      "version": "4.0.8",
      "resolved": "https://registry.npmjs.org/type-detect/-/type-detect-4.0.8.tgz",
      "integrity": "sha512-0fr/mIH1dlO+x7TlcMy+bIDqKPsw/70tVyeHW787goQjhmqaZe10uwLujubK9q9Lg6Fiho1KUKDYz0Z7k7g5/g==",
      "dev": true
    },
    "typescript": {
      "version": "4.5.5",
      "resolved": "https://registry.npmjs.org/typescript/-/typescript-4.5.5.tgz",
      "integrity": "sha512-TCTIul70LyWe6IJWT8QSYeA54WQe8EjQFU4wY52Fasj5UKx88LNYKCgBEHcOMOrFF1rKGbD8v/xcNWVUq9SymA=="
    },
    "util-deprecate": {
      "version": "1.0.2",
      "resolved": "https://registry.npmjs.org/util-deprecate/-/util-deprecate-1.0.2.tgz",
      "integrity": "sha1-RQ1Nyfpw3nMnYvvS1KKJgUGaDM8="
    },
    "webidl-conversions": {
      "version": "5.0.0",
      "resolved": "https://registry.npmjs.org/webidl-conversions/-/webidl-conversions-5.0.0.tgz",
      "integrity": "sha512-VlZwKPCkYKxQgeSbH5EyngOmRp7Ww7I9rQLERETtf5ofd9pGeswWiOtogpEO850jziPRarreGxn5QIiTqpb2wA=="
    },
    "whatwg-url": {
      "version": "5.0.0",
      "resolved": "https://registry.npmjs.org/whatwg-url/-/whatwg-url-5.0.0.tgz",
      "integrity": "sha1-lmRU6HZUYuN2RNNib2dCzotwll0=",
      "requires": {
        "tr46": "~0.0.3",
        "webidl-conversions": "^3.0.0"
      },
      "dependencies": {
        "webidl-conversions": {
          "version": "3.0.1",
          "resolved": "https://registry.npmjs.org/webidl-conversions/-/webidl-conversions-3.0.1.tgz",
          "integrity": "sha1-JFNCdeKnvGvnvIZhHMFq4KVlSHE="
        }
      }
    },
    "whatwg-url-without-unicode": {
      "version": "8.0.0-3",
      "resolved": "https://registry.npmjs.org/whatwg-url-without-unicode/-/whatwg-url-without-unicode-8.0.0-3.tgz",
      "integrity": "sha512-HoKuzZrUlgpz35YO27XgD28uh/WJH4B0+3ttFqRo//lmq+9T/mIOJ6kqmINI9HpUpz1imRC/nR/lxKpJiv0uig==",
      "requires": {
        "buffer": "^5.4.3",
        "punycode": "^2.1.1",
        "webidl-conversions": "^5.0.0"
      }
    },
    "yn": {
      "version": "3.1.1",
      "resolved": "https://registry.npmjs.org/yn/-/yn-3.1.1.tgz",
      "integrity": "sha512-Ux4ygGWsu2c7isFWe8Yu1YluJmqVhxqK2cLXNQA5AcC3QfbGNpM7fu0Y8b/z16pXLnFxZYvWhd3fhBY9DLmC6Q==",
      "dev": true
    }
  }
}
